
Microsoft Visual Studio Solution File, Format Version 12.00
# Visual Studio Version 17
VisualStudioVersion = 17.4.33205.214
MinimumVisualStudioVersion = 10.0.40219.1
Project("{9A19103F-16F7-4668-BE54-9A1E7A4F7556}") = "SparkServerLite", "SparkServerLite\SparkServerLite.csproj", "{9F801E64-142E-4E16-BE51-DB8A9A809EC2}"
EndProject
Project("{2150E333-8FDC-42A3-9474-1A3956D46DE8}") = "Solution Items", "Solution Items", "{C9977F90-F09F-4688-B7A1-36088A418827}"
	ProjectSection(SolutionItems) = preProject
		.editorconfig = .editorconfig
		..\LICENSE = ..\LICENSE
		..\README.md = ..\README.md
		publish.txt = publish.txt
	EndProjectSection
EndProject
Global
	GlobalSection(SolutionConfigurationPlatforms) = preSolution
		Debug|Any CPU = Debug|Any CPU
		Release|Any CPU = Release|Any CPU
	EndGlobalSection
	GlobalSection(ProjectConfigurationPlatforms) = postSolution
		{9F801E64-142E-4E16-BE51-DB8A9A809EC2}.Debug|Any CPU.ActiveCfg = Debug|Any CPU
		{9F801E64-142E-4E16-BE51-DB8A9A809EC2}.Debug|Any CPU.Build.0 = Debug|Any CPU
		{9F801E64-142E-4E16-BE51-DB8A9A809EC2}.Release|Any CPU.ActiveCfg = Release|Any CPU
		{9F801E64-142E-4E16-BE51-DB8A9A809EC2}.Release|Any CPU.Build.0 = Release|Any CPU
	EndGlobalSection
	GlobalSection(SolutionProperties) = preSolution
		HideSolutionNode = FALSE
	EndGlobalSection
	GlobalSection(ExtensibilityGlobals) = postSolution
		SolutionGuid = {4BF10312-3568-4073-8A43-4C421DA062EC}
	EndGlobalSection
EndGlobal
